{
  "meteor": {},
  "dependencies": {
    "basePackages": {
      "iron-router": {},
      "bootstrap3-wysihtml5": {},
      "bootstrap-wysiwyg": {}
    },
    "packages": {
      "iron-router": {
        "git": "https://github.com/EventedMind/iron-router.git",
        "tag": "v0.7.1",
        "commit": "d1ffb3f06ea4c112132b030f2eb1a70b81675ecb"
      },
      "bootstrap3-wysihtml5": {
        "git": "https://github.com/andreioprisan/meteor-bootstrap3-wysihtml5.git",
        "tag": "v0.3.3",
        "commit": "251d564c3eb5b5b7a89a3e3e63f58633e0816332"
      },
      "bootstrap-wysiwyg": {
        "git": "https://github.com/mcrider/meteor-bootstrap-wysiwyg.git",
        "tag": "v0.1.0",
        "commit": "b9b1ffadb42b8bbfade08aaea10e4fbe890d21dd"
      },
      "blaze-layout": {
        "git": "https://github.com/EventedMind/blaze-layout.git",
        "tag": "v0.2.4",
        "commit": "b40e9b0612329288d75cf52ad14a7da64bb8618f"
      }
    }
  }
}
